// !$*UTF8*$!
{
	archiveVersion = 1;
	classes = {
	};
	objectVersion = 46;
	objects = {

/* Begin PBXBuildFile section */
		6017CF821644088F00F9F4FB /* UIKit.framework in Frameworks */ = {isa = PBXBuildFile; fileRef = 6017CF811644088F00F9F4FB /* UIKit.framework */; };
		6017CF841644088F00F9F4FB /* Foundation.framework in Frameworks */ = {isa = PBXBuildFile; fileRef = 6017CF831644088F00F9F4FB /* Foundation.framework */; };
		6017CF861644088F00F9F4FB /* CoreGraphics.framework in Frameworks */ = {isa = PBXBuildFile; fileRef = 6017CF851644088F00F9F4FB /* CoreGraphics.framework */; };
		6017CF9F1644094D00F9F4FB /* MediaPlayer.framework in Frameworks */ = {isa = PBXBuildFile; fileRef = 6017CF9E1644094D00F9F4FB /* MediaPlayer.framework */; };
		6017CFA1164409CF00F9F4FB /* MainStoryboard.storyboard in Resources */ = {isa = PBXBuildFile; fileRef = 6017CFA0164409CF00F9F4FB /* MainStoryboard.storyboard */; };
		6017CFD51644317700F9F4FB /* MomentsTableViewController.m in Sources */ = {isa = PBXBuildFile; fileRef = 6017CFD41644317700F9F4FB /* MomentsTableViewController.m */; };
		602BDD4916FC784A00D607E9 /* ddplayer-button-back.png in Resources */ = {isa = PBXBuildFile; fileRef = 602BDD4816FC784A00D607E9 /* ddplayer-button-back.png */; };
		602BDD4B16FC814800D607E9 /* ddplayer-button-forward.png in Resources */ = {isa = PBXBuildFile; fileRef = 602BDD4A16FC814800D607E9 /* ddplayer-button-forward.png */; };
		602BDD4D16FC921100D607E9 /* ddplayer-button-play.png in Resources */ = {isa = PBXBuildFile; fileRef = 602BDD4C16FC921100D607E9 /* ddplayer-button-play.png */; };
		602BDD4F16FC98A800D607E9 /* ddplayer-button-pause.png in Resources */ = {isa = PBXBuildFile; fileRef = 602BDD4E16FC98A800D607E9 /* ddplayer-button-pause.png */; };
		602BDD5216FCA2BD00D607E9 /* ddmusic-controls-background.png in Resources */ = {isa = PBXBuildFile; fileRef = 602BDD5016FCA2BD00D607E9 /* ddmusic-controls-background.png */; };
		602BDD5316FCA2BD00D607E9 /* ddmusic-controls-background@2x.png in Resources */ = {isa = PBXBuildFile; fileRef = 602BDD5116FCA2BD00D607E9 /* ddmusic-controls-background@2x.png */; };
		602BDD5516FCA76400D607E9 /* ddmap-mask-sm.png in Resources */ = {isa = PBXBuildFile; fileRef = 602BDD5416FCA76400D607E9 /* ddmap-mask-sm.png */; };
		6033457A16FB29D2003F59F1 /* ddme_binocs.jpg in Resources */ = {isa = PBXBuildFile; fileRef = 6033457916FB29D2003F59F1 /* ddme_binocs.jpg */; };
		6033457C16FB6C84003F59F1 /* MapKit.framework in Frameworks */ = {isa = PBXBuildFile; fileRef = 6033457B16FB6C84003F59F1 /* MapKit.framework */; };
		60387816179D7E58008DCC66 /* heardhere.xcdatamodeld in Sources */ = {isa = PBXBuildFile; fileRef = 60387814179D7E57008DCC66 /* heardhere.xcdatamodeld */; };
		60387825179D9FEB008DCC66 /* Playlist.m in Sources */ = {isa = PBXBuildFile; fileRef = 60387824179D9FEB008DCC66 /* Playlist.m */; };
		60387828179D9FEC008DCC66 /* Song.m in Sources */ = {isa = PBXBuildFile; fileRef = 60387827179D9FEC008DCC66 /* Song.m */; };
		603D0BF216F90486008A0577 /* ddTable-view-background.png in Resources */ = {isa = PBXBuildFile; fileRef = 603D0BF016F90486008A0577 /* ddTable-view-background.png */; };
		603D0BF316F90486008A0577 /* ddTable-view-background@2x.png in Resources */ = {isa = PBXBuildFile; fileRef = 603D0BF116F90486008A0577 /* ddTable-view-background@2x.png */; };
		604B323B16F71F5E00B9E55E /* ddnavigation-bar.png in Resources */ = {isa = PBXBuildFile; fileRef = 604B323916F71F5B00B9E55E /* ddnavigation-bar.png */; };
		604B323C16F71F5E00B9E55E /* ddnavigation-bar@2x.png in Resources */ = {isa = PBXBuildFile; fileRef = 604B323A16F71F5C00B9E55E /* ddnavigation-bar@2x.png */; };
		604B323E16F7551300B9E55E /* ddlogo_black-sm.png in Resources */ = {isa = PBXBuildFile; fileRef = 604B323D16F7551200B9E55E /* ddlogo_black-sm.png */; };
		604B324116F7675900B9E55E /* ddnavigation-bar-black.png in Resources */ = {isa = PBXBuildFile; fileRef = 604B323F16F7675700B9E55E /* ddnavigation-bar-black.png */; };
		604B324216F7675900B9E55E /* ddnavigation-bar-black@2x.png in Resources */ = {isa = PBXBuildFile; fileRef = 604B324016F7675800B9E55E /* ddnavigation-bar-black@2x.png */; };
		6050DBDD1647B36B00D45395 /* DetailTableViewController.m in Sources */ = {isa = PBXBuildFile; fileRef = 6050DBDC1647B36B00D45395 /* DetailTableViewController.m */; };
		6052259B16F865AD0013807C /* dddetail-back.png in Resources */ = {isa = PBXBuildFile; fileRef = 6052259916F865AD0013807C /* dddetail-back.png */; };
		6052259C16F865AD0013807C /* dddetail-edit.png in Resources */ = {isa = PBXBuildFile; fileRef = 6052259A16F865AD0013807C /* dddetail-edit.png */; };
		60615B01165694260046840A /* PlayerViewController.m in Sources */ = {isa = PBXBuildFile; fileRef = 60615B00165694260046840A /* PlayerViewController.m */; };
		6094B42416F7A15300806F92 /* ddplus-sign.png in Resources */ = {isa = PBXBuildFile; fileRef = 6094B42316F7A15300806F92 /* ddplus-sign.png */; };
		60AB818B169C913400529DFB /* CoreLocation.framework in Frameworks */ = {isa = PBXBuildFile; fileRef = 60AB818A169C913400529DFB /* CoreLocation.framework */; };
		60AB8193169C91F100529DFB /* CoreData.framework in Frameworks */ = {isa = PBXBuildFile; fileRef = 60AB818D169C919500529DFB /* CoreData.framework */; };
		60AB8203169FFFF200529DFB /* InfoPlist.strings in Resources */ = {isa = PBXBuildFile; fileRef = 60AB81FE169FFFF200529DFB /* InfoPlist.strings */; };
		60AB8204169FFFF200529DFB /* main.m in Sources */ = {isa = PBXBuildFile; fileRef = 60AB8200169FFFF200529DFB /* main.m */; };
		60AB821116A0077C00529DFB /* Default-568h@2x.png in Resources */ = {isa = PBXBuildFile; fileRef = 60AB821016A0077C00529DFB /* Default-568h@2x.png */; };
		60C6219516F88FCA007CF5E1 /* ddplayer-back.png in Resources */ = {isa = PBXBuildFile; fileRef = 60C6219416F88FCA007CF5E1 /* ddplayer-back.png */; };
		60CD4E19177C8FE80038F9F8 /* heardhere-logo-57.png in Resources */ = {isa = PBXBuildFile; fileRef = 60CD4E18177C8FE80038F9F8 /* heardhere-logo-57.png */; };
		60F45492169B13B900686965 /* AppDelegate.m in Sources */ = {isa = PBXBuildFile; fileRef = 60F4541B169B0F2500686965 /* AppDelegate.m */; };
/* End PBXBuildFile section */

/* Begin PBXFileReference section */
		6017CF7D1644088F00F9F4FB /* Heard Here.app */ = {isa = PBXFileReference; explicitFileType = wrapper.application; includeInIndex = 0; path = "Heard Here.app"; sourceTree = BUILT_PRODUCTS_DIR; };
		6017CF811644088F00F9F4FB /* UIKit.framework */ = {isa = PBXFileReference; lastKnownFileType = wrapper.framework; name = UIKit.framework; path = System/Library/Frameworks/UIKit.framework; sourceTree = SDKROOT; };
		6017CF831644088F00F9F4FB /* Foundation.framework */ = {isa = PBXFileReference; lastKnownFileType = wrapper.framework; name = Foundation.framework; path = System/Library/Frameworks/Foundation.framework; sourceTree = SDKROOT; };
		6017CF851644088F00F9F4FB /* CoreGraphics.framework */ = {isa = PBXFileReference; lastKnownFileType = wrapper.framework; name = CoreGraphics.framework; path = System/Library/Frameworks/CoreGraphics.framework; sourceTree = SDKROOT; };
		6017CF9E1644094D00F9F4FB /* MediaPlayer.framework */ = {isa = PBXFileReference; lastKnownFileType = wrapper.framework; name = MediaPlayer.framework; path = System/Library/Frameworks/MediaPlayer.framework; sourceTree = SDKROOT; };
		6017CFA0164409CF00F9F4FB /* MainStoryboard.storyboard */ = {isa = PBXFileReference; fileEncoding = 4; lastKnownFileType = file.storyboard; path = MainStoryboard.storyboard; sourceTree = "<group>"; };
		6017CFD31644317700F9F4FB /* MomentsTableViewController.h */ = {isa = PBXFileReference; fileEncoding = 4; lastKnownFileType = sourcecode.c.h; path = MomentsTableViewController.h; sourceTree = "<group>"; };
		6017CFD41644317700F9F4FB /* MomentsTableViewController.m */ = {isa = PBXFileReference; fileEncoding = 4; lastKnownFileType = sourcecode.c.objc; path = MomentsTableViewController.m; sourceTree = "<group>"; };
		602BDD4816FC784A00D607E9 /* ddplayer-button-back.png */ = {isa = PBXFileReference; lastKnownFileType = image.png; path = "ddplayer-button-back.png"; sourceTree = "<group>"; };
		602BDD4A16FC814800D607E9 /* ddplayer-button-forward.png */ = {isa = PBXFileReference; lastKnownFileType = image.png; path = "ddplayer-button-forward.png"; sourceTree = "<group>"; };
		602BDD4C16FC921100D607E9 /* ddplayer-button-play.png */ = {isa = PBXFileReference; lastKnownFileType = image.png; path = "ddplayer-button-play.png"; sourceTree = "<group>"; };
		602BDD4E16FC98A800D607E9 /* ddplayer-button-pause.png */ = {isa = PBXFileReference; lastKnownFileType = image.png; path = "ddplayer-button-pause.png"; sourceTree = "<group>"; };
		602BDD5016FCA2BD00D607E9 /* ddmusic-controls-background.png */ = {isa = PBXFileReference; lastKnownFileType = image.png; path = "ddmusic-controls-background.png"; sourceTree = "<group>"; };
		602BDD5116FCA2BD00D607E9 /* ddmusic-controls-background@2x.png */ = {isa = PBXFileReference; lastKnownFileType = image.png; path = "ddmusic-controls-background@2x.png"; sourceTree = "<group>"; };
		602BDD5416FCA76400D607E9 /* ddmap-mask-sm.png */ = {isa = PBXFileReference; lastKnownFileType = image.png; path = "ddmap-mask-sm.png"; sourceTree = "<group>"; };
		6033457916FB29D2003F59F1 /* ddme_binocs.jpg */ = {isa = PBXFileReference; lastKnownFileType = image.jpeg; path = ddme_binocs.jpg; sourceTree = "<group>"; };
		6033457B16FB6C84003F59F1 /* MapKit.framework */ = {isa = PBXFileReference; lastKnownFileType = wrapper.framework; name = MapKit.framework; path = System/Library/Frameworks/MapKit.framework; sourceTree = SDKROOT; };
		60387815179D7E57008DCC66 /* heardhere.xcdatamodel */ = {isa = PBXFileReference; lastKnownFileType = wrapper.xcdatamodel; path = heardhere.xcdatamodel; sourceTree = "<group>"; };
		60387823179D9FEB008DCC66 /* Playlist.h */ = {isa = PBXFileReference; fileEncoding = 4; lastKnownFileType = sourcecode.c.h; path = Playlist.h; sourceTree = "<group>"; };
		60387824179D9FEB008DCC66 /* Playlist.m */ = {isa = PBXFileReference; fileEncoding = 4; lastKnownFileType = sourcecode.c.objc; path = Playlist.m; sourceTree = "<group>"; };
		60387826179D9FEC008DCC66 /* Song.h */ = {isa = PBXFileReference; fileEncoding = 4; lastKnownFileType = sourcecode.c.h; path = Song.h; sourceTree = "<group>"; };
		60387827179D9FEC008DCC66 /* Song.m */ = {isa = PBXFileReference; fileEncoding = 4; lastKnownFileType = sourcecode.c.objc; path = Song.m; sourceTree = "<group>"; };
		603D0BF016F90486008A0577 /* ddTable-view-background.png */ = {isa = PBXFileReference; lastKnownFileType = image.png; path = "ddTable-view-background.png"; sourceTree = "<group>"; };
		603D0BF116F90486008A0577 /* ddTable-view-background@2x.png */ = {isa = PBXFileReference; lastKnownFileType = image.png; path = "ddTable-view-background@2x.png"; sourceTree = "<group>"; };
		604B323916F71F5B00B9E55E /* ddnavigation-bar.png */ = {isa = PBXFileReference; lastKnownFileType = image.png; path = "ddnavigation-bar.png"; sourceTree = "<group>"; };
		604B323A16F71F5C00B9E55E /* ddnavigation-bar@2x.png */ = {isa = PBXFileReference; lastKnownFileType = image.png; path = "ddnavigation-bar@2x.png"; sourceTree = "<group>"; };
		604B323D16F7551200B9E55E /* ddlogo_black-sm.png */ = {isa = PBXFileReference; lastKnownFileType = image.png; path = "ddlogo_black-sm.png"; sourceTree = "<group>"; };
		604B323F16F7675700B9E55E /* ddnavigation-bar-black.png */ = {isa = PBXFileReference; lastKnownFileType = image.png; path = "ddnavigation-bar-black.png"; sourceTree = "<group>"; };
		604B324016F7675800B9E55E /* ddnavigation-bar-black@2x.png */ = {isa = PBXFileReference; lastKnownFileType = image.png; path = "ddnavigation-bar-black@2x.png"; sourceTree = "<group>"; };
		6050DBDB1647B36B00D45395 /* DetailTableViewController.h */ = {isa = PBXFileReference; fileEncoding = 4; lastKnownFileType = sourcecode.c.h; path = DetailTableViewController.h; sourceTree = "<group>"; };
		6050DBDC1647B36B00D45395 /* DetailTableViewController.m */ = {isa = PBXFileReference; fileEncoding = 4; lastKnownFileType = sourcecode.c.objc; path = DetailTableViewController.m; sourceTree = "<group>"; };
		6052259916F865AD0013807C /* dddetail-back.png */ = {isa = PBXFileReference; lastKnownFileType = image.png; path = "dddetail-back.png"; sourceTree = "<group>"; };
		6052259A16F865AD0013807C /* dddetail-edit.png */ = {isa = PBXFileReference; lastKnownFileType = image.png; path = "dddetail-edit.png"; sourceTree = "<group>"; };
		60615AFF165694260046840A /* PlayerViewController.h */ = {isa = PBXFileReference; fileEncoding = 4; lastKnownFileType = sourcecode.c.h; path = PlayerViewController.h; sourceTree = "<group>"; };
		60615B00165694260046840A /* PlayerViewController.m */ = {isa = PBXFileReference; fileEncoding = 4; lastKnownFileType = sourcecode.c.objc; path = PlayerViewController.m; sourceTree = "<group>"; };
		6094B42316F7A15300806F92 /* ddplus-sign.png */ = {isa = PBXFileReference; lastKnownFileType = image.png; path = "ddplus-sign.png"; sourceTree = "<group>"; };
		60AB818A169C913400529DFB /* CoreLocation.framework */ = {isa = PBXFileReference; lastKnownFileType = wrapper.framework; name = CoreLocation.framework; path = System/Library/Frameworks/CoreLocation.framework; sourceTree = SDKROOT; };
		60AB818D169C919500529DFB /* CoreData.framework */ = {isa = PBXFileReference; lastKnownFileType = wrapper.framework; name = CoreData.framework; path = System/Library/Frameworks/CoreData.framework; sourceTree = SDKROOT; };
		60AB81FF169FFFF200529DFB /* en */ = {isa = PBXFileReference; lastKnownFileType = text.plist.strings; name = en; path = en.lproj/InfoPlist.strings; sourceTree = "<group>"; };
		60AB8200169FFFF200529DFB /* main.m */ = {isa = PBXFileReference; fileEncoding = 4; lastKnownFileType = sourcecode.c.objc; path = main.m; sourceTree = "<group>"; };
		60AB8201169FFFF200529DFB /* Heard Here-Info.plist */ = {isa = PBXFileReference; fileEncoding = 4; lastKnownFileType = text.plist.xml; path = "Heard Here-Info.plist"; sourceTree = "<group>"; };
		60AB8202169FFFF200529DFB /* Heard Here-Prefix.pch */ = {isa = PBXFileReference; fileEncoding = 4; lastKnownFileType = sourcecode.c.h; path = "Heard Here-Prefix.pch"; sourceTree = "<group>"; };
		60AB821016A0077C00529DFB /* Default-568h@2x.png */ = {isa = PBXFileReference; lastKnownFileType = image.png; path = "Default-568h@2x.png"; sourceTree = "<group>"; };
		60C6219416F88FCA007CF5E1 /* ddplayer-back.png */ = {isa = PBXFileReference; lastKnownFileType = image.png; path = "ddplayer-back.png"; sourceTree = "<group>"; };
		60CD4E18177C8FE80038F9F8 /* heardhere-logo-57.png */ = {isa = PBXFileReference; lastKnownFileType = image.png; path = "heardhere-logo-57.png"; sourceTree = "<group>"; };
		60F4541A169B0F2500686965 /* AppDelegate.h */ = {isa = PBXFileReference; lastKnownFileType = sourcecode.c.h; path = AppDelegate.h; sourceTree = "<group>"; };
		60F4541B169B0F2500686965 /* AppDelegate.m */ = {isa = PBXFileReference; lastKnownFileType = sourcecode.c.objc; path = AppDelegate.m; sourceTree = "<group>"; };
/* End PBXFileReference section */

/* Begin PBXFrameworksBuildPhase section */
		6017CF7A1644088F00F9F4FB /* Frameworks */ = {
			isa = PBXFrameworksBuildPhase;
			buildActionMask = 2147483647;
			files = (
				6033457C16FB6C84003F59F1 /* MapKit.framework in Frameworks */,
				60AB8193169C91F100529DFB /* CoreData.framework in Frameworks */,
				60AB818B169C913400529DFB /* CoreLocation.framework in Frameworks */,
				6017CF9F1644094D00F9F4FB /* MediaPlayer.framework in Frameworks */,
				6017CF821644088F00F9F4FB /* UIKit.framework in Frameworks */,
				6017CF841644088F00F9F4FB /* Foundation.framework in Frameworks */,
				6017CF861644088F00F9F4FB /* CoreGraphics.framework in Frameworks */,
			);
			runOnlyForDeploymentPostprocessing = 0;
		};
/* End PBXFrameworksBuildPhase section */

/* Begin PBXGroup section */
		6017CF721644088F00F9F4FB = {
			isa = PBXGroup;
			children = (
				60387826179D9FEC008DCC66 /* Song.h */,
				60387827179D9FEC008DCC66 /* Song.m */,
				60387823179D9FEB008DCC66 /* Playlist.h */,
				60387824179D9FEB008DCC66 /* Playlist.m */,
				60387814179D7E57008DCC66 /* heardhere.xcdatamodeld */,
				6017CFA0164409CF00F9F4FB /* MainStoryboard.storyboard */,
				60F4541A169B0F2500686965 /* AppDelegate.h */,
				60F4541B169B0F2500686965 /* AppDelegate.m */,
				6017CFD31644317700F9F4FB /* MomentsTableViewController.h */,
				6017CFD41644317700F9F4FB /* MomentsTableViewController.m */,
				6050DBDB1647B36B00D45395 /* DetailTableViewController.h */,
				6050DBDC1647B36B00D45395 /* DetailTableViewController.m */,
				60615AFF165694260046840A /* PlayerViewController.h */,
				60615B00165694260046840A /* PlayerViewController.m */,
				60AB81FD169FFFF000529DFB /* Resources */,
				60F45422169B0FE800686965 /* Images */,
				6017CF801644088F00F9F4FB /* Frameworks */,
				6017CF7E1644088F00F9F4FB /* Products */,
			);
			sourceTree = "<group>";
		};
		6017CF7E1644088F00F9F4FB /* Products */ = {
			isa = PBXGroup;
			children = (
				6017CF7D1644088F00F9F4FB /* Heard Here.app */,
			);
			name = Products;
			sourceTree = "<group>";
		};
		6017CF801644088F00F9F4FB /* Frameworks */ = {
			isa = PBXGroup;
			children = (
				6033457B16FB6C84003F59F1 /* MapKit.framework */,
				60AB818D169C919500529DFB /* CoreData.framework */,
				60AB818A169C913400529DFB /* CoreLocation.framework */,
				6017CF9E1644094D00F9F4FB /* MediaPlayer.framework */,
				6017CF811644088F00F9F4FB /* UIKit.framework */,
				6017CF831644088F00F9F4FB /* Foundation.framework */,
				6017CF851644088F00F9F4FB /* CoreGraphics.framework */,
			);
			name = Frameworks;
			sourceTree = "<group>";
		};
		60AB81FD169FFFF000529DFB /* Resources */ = {
			isa = PBXGroup;
			children = (
				60AB81FE169FFFF200529DFB /* InfoPlist.strings */,
				60AB8200169FFFF200529DFB /* main.m */,
				60AB8201169FFFF200529DFB /* Heard Here-Info.plist */,
				60AB8202169FFFF200529DFB /* Heard Here-Prefix.pch */,
			);
			path = Resources;
			sourceTree = "<group>";
		};
		60F45422169B0FE800686965 /* Images */ = {
			isa = PBXGroup;
			children = (
				602BDD5416FCA76400D607E9 /* ddmap-mask-sm.png */,
				602BDD4E16FC98A800D607E9 /* ddplayer-button-pause.png */,
				602BDD5016FCA2BD00D607E9 /* ddmusic-controls-background.png */,
				602BDD5116FCA2BD00D607E9 /* ddmusic-controls-background@2x.png */,
				602BDD4816FC784A00D607E9 /* ddplayer-button-back.png */,
				6033457916FB29D2003F59F1 /* ddme_binocs.jpg */,
				602BDD4C16FC921100D607E9 /* ddplayer-button-play.png */,
				60C6219416F88FCA007CF5E1 /* ddplayer-back.png */,
				603D0BF016F90486008A0577 /* ddTable-view-background.png */,
				603D0BF116F90486008A0577 /* ddTable-view-background@2x.png */,
				602BDD4A16FC814800D607E9 /* ddplayer-button-forward.png */,
				6094B42316F7A15300806F92 /* ddplus-sign.png */,
				6052259916F865AD0013807C /* dddetail-back.png */,
				60CD4E18177C8FE80038F9F8 /* heardhere-logo-57.png */,
				6052259A16F865AD0013807C /* dddetail-edit.png */,
				604B323F16F7675700B9E55E /* ddnavigation-bar-black.png */,
				604B324016F7675800B9E55E /* ddnavigation-bar-black@2x.png */,
				604B323D16F7551200B9E55E /* ddlogo_black-sm.png */,
				604B323916F71F5B00B9E55E /* ddnavigation-bar.png */,
				604B323A16F71F5C00B9E55E /* ddnavigation-bar@2x.png */,
				60AB821016A0077C00529DFB /* Default-568h@2x.png */,
			);
			path = Images;
			sourceTree = "<group>";
		};
/* End PBXGroup section */

/* Begin PBXNativeTarget section */
		6017CF7C1644088F00F9F4FB /* Heard Here */ = {
			isa = PBXNativeTarget;
			buildConfigurationList = 6017CF9B1644088F00F9F4FB /* Build configuration list for PBXNativeTarget "Heard Here" */;
			buildPhases = (
				6017CF791644088F00F9F4FB /* Sources */,
				6017CF7A1644088F00F9F4FB /* Frameworks */,
				6017CF7B1644088F00F9F4FB /* Resources */,
			);
			buildRules = (
			);
			dependencies = (
			);
			name = "Heard Here";
			productName = Music;
			productReference = 6017CF7D1644088F00F9F4FB /* Heard Here.app */;
			productType = "com.apple.product-type.application";
		};
/* End PBXNativeTarget section */

/* Begin PBXProject section */
		6017CF741644088F00F9F4FB /* Project object */ = {
			isa = PBXProject;
			attributes = {
				CLASSPREFIX = DM;
				LastUpgradeCheck = 0450;
				ORGANIZATIONNAME = "Dianna Mertz";
			};
			buildConfigurationList = 6017CF771644088F00F9F4FB /* Build configuration list for PBXProject "Heard Here" */;
			compatibilityVersion = "Xcode 3.2";
			developmentRegion = English;
			hasScannedForEncodings = 0;
			knownRegions = (
				en,
			);
			mainGroup = 6017CF721644088F00F9F4FB;
			productRefGroup = 6017CF7E1644088F00F9F4FB /* Products */;
			projectDirPath = "";
			projectRoot = "";
			targets = (
				6017CF7C1644088F00F9F4FB /* Heard Here */,
			);
		};
/* End PBXProject section */

/* Begin PBXResourcesBuildPhase section */
		6017CF7B1644088F00F9F4FB /* Resources */ = {
			isa = PBXResourcesBuildPhase;
			buildActionMask = 2147483647;
			files = (
				6017CFA1164409CF00F9F4FB /* MainStoryboard.storyboard in Resources */,
				60AB821116A0077C00529DFB /* Default-568h@2x.png in Resources */,
				60AB8203169FFFF200529DFB /* InfoPlist.strings in Resources */,
				604B323B16F71F5E00B9E55E /* ddnavigation-bar.png in Resources */,
				604B323C16F71F5E00B9E55E /* ddnavigation-bar@2x.png in Resources */,
				604B323E16F7551300B9E55E /* ddlogo_black-sm.png in Resources */,
				604B324116F7675900B9E55E /* ddnavigation-bar-black.png in Resources */,
				604B324216F7675900B9E55E /* ddnavigation-bar-black@2x.png in Resources */,
				6094B42416F7A15300806F92 /* ddplus-sign.png in Resources */,
				6052259B16F865AD0013807C /* dddetail-back.png in Resources */,
				6052259C16F865AD0013807C /* dddetail-edit.png in Resources */,
				60C6219516F88FCA007CF5E1 /* ddplayer-back.png in Resources */,
				603D0BF216F90486008A0577 /* ddTable-view-background.png in Resources */,
				603D0BF316F90486008A0577 /* ddTable-view-background@2x.png in Resources */,
				6033457A16FB29D2003F59F1 /* ddme_binocs.jpg in Resources */,
				602BDD4916FC784A00D607E9 /* ddplayer-button-back.png in Resources */,
				602BDD4B16FC814800D607E9 /* ddplayer-button-forward.png in Resources */,
				602BDD4D16FC921100D607E9 /* ddplayer-button-play.png in Resources */,
				602BDD4F16FC98A800D607E9 /* ddplayer-button-pause.png in Resources */,
				602BDD5216FCA2BD00D607E9 /* ddmusic-controls-background.png in Resources */,
				602BDD5316FCA2BD00D607E9 /* ddmusic-controls-background@2x.png in Resources */,
				602BDD5516FCA76400D607E9 /* ddmap-mask-sm.png in Resources */,
				60CD4E19177C8FE80038F9F8 /* heardhere-logo-57.png in Resources */,
			);
			runOnlyForDeploymentPostprocessing = 0;
		};
/* End PBXResourcesBuildPhase section */

/* Begin PBXSourcesBuildPhase section */
		6017CF791644088F00F9F4FB /* Sources */ = {
			isa = PBXSourcesBuildPhase;
			buildActionMask = 2147483647;
			files = (
				60387828179D9FEC008DCC66 /* Song.m in Sources */,
				60387816179D7E58008DCC66 /* heardhere.xcdatamodeld in Sources */,
				60F45492169B13B900686965 /* AppDelegate.m in Sources */,
				60387825179D9FEB008DCC66 /* Playlist.m in Sources */,
				6017CFD51644317700F9F4FB /* MomentsTableViewController.m in Sources */,
				6050DBDD1647B36B00D45395 /* DetailTableViewController.m in Sources */,
				60615B01165694260046840A /* PlayerViewController.m in Sources */,
				60AB8204169FFFF200529DFB /* main.m in Sources */,
			);
			runOnlyForDeploymentPostprocessing = 0;
		};
/* End PBXSourcesBuildPhase section */

/* Begin PBXVariantGroup section */
		60AB81FE169FFFF200529DFB /* InfoPlist.strings */ = {
			isa = PBXVariantGroup;
			children = (
				60AB81FF169FFFF200529DFB /* en */,
			);
			name = InfoPlist.strings;
			sourceTree = "<group>";
		};
/* End PBXVariantGroup section */

/* Begin XCBuildConfiguration section */
		6017CF991644088F00F9F4FB /* Debug */ = {
			isa = XCBuildConfiguration;
			buildSettings = {
				ALWAYS_SEARCH_USER_PATHS = NO;
				CLANG_CXX_LANGUAGE_STANDARD = "gnu++0x";
				CLANG_CXX_LIBRARY = "libc++";
				CLANG_ENABLE_OBJC_ARC = YES;
				CLANG_WARN_EMPTY_BODY = YES;
				CLANG_WARN__DUPLICATE_METHOD_MATCH = YES;
				"CODE_SIGN_IDENTITY[sdk=iphoneos*]" = "iPhone Developer";
				COPY_PHASE_STRIP = NO;
				GCC_C_LANGUAGE_STANDARD = gnu99;
				GCC_DYNAMIC_NO_PIC = NO;
				GCC_OPTIMIZATION_LEVEL = 0;
				GCC_PREPROCESSOR_DEFINITIONS = (
					"DEBUG=1",
					"$(inherited)",
				);
				GCC_SYMBOLS_PRIVATE_EXTERN = NO;
				GCC_WARN_ABOUT_RETURN_TYPE = YES;
				GCC_WARN_UNINITIALIZED_AUTOS = YES;
				GCC_WARN_UNUSED_VARIABLE = YES;
				IPHONEOS_DEPLOYMENT_TARGET = 7.0;
				ONLY_ACTIVE_ARCH = YES;
				SDKROOT = iphoneos;
			};
			name = Debug;
		};
		6017CF9A1644088F00F9F4FB /* Release */ = {
			isa = XCBuildConfiguration;
			buildSettings = {
				ALWAYS_SEARCH_USER_PATHS = NO;
				CLANG_CXX_LANGUAGE_STANDARD = "gnu++0x";
				CLANG_CXX_LIBRARY = "libc++";
				CLANG_ENABLE_OBJC_ARC = YES;
				CLANG_WARN_EMPTY_BODY = YES;
				CLANG_WARN__DUPLICATE_METHOD_MATCH = YES;
				"CODE_SIGN_IDENTITY[sdk=iphoneos*]" = "iPhone Developer";
				COPY_PHASE_STRIP = YES;
				GCC_C_LANGUAGE_STANDARD = gnu99;
				GCC_WARN_ABOUT_RETURN_TYPE = YES;
				GCC_WARN_UNINITIALIZED_AUTOS = YES;
				GCC_WARN_UNUSED_VARIABLE = YES;
				IPHONEOS_DEPLOYMENT_TARGET = 7.0;
				OTHER_CFLAGS = "-DNS_BLOCK_ASSERTIONS=1";
				SDKROOT = iphoneos;
				VALIDATE_PRODUCT = YES;
			};
			name = Release;
		};
		6017CF9C1644088F00F9F4FB /* Debug */ = {
			isa = XCBuildConfiguration;
			buildSettings = {
				GCC_PRECOMPILE_PREFIX_HEADER = YES;
				GCC_PREFIX_HEADER = "Resources/Heard Here-Prefix.pch";
				INFOPLIST_FILE = "Resources/Heard Here-Info.plist";
				IPHONEOS_DEPLOYMENT_TARGET = 6.1;
				PRODUCT_NAME = "Heard Here";
				TARGETED_DEVICE_FAMILY = 1;
				WRAPPER_EXTENSION = app;
			};
			name = Debug;
		};
		6017CF9D1644088F00F9F4FB /* Release */ = {
			isa = XCBuildConfiguration;
			buildSettings = {
				GCC_PRECOMPILE_PREFIX_HEADER = YES;
				GCC_PREFIX_HEADER = "Resources/Heard Here-Prefix.pch";
				INFOPLIST_FILE = "Resources/Heard Here-Info.plist";
				IPHONEOS_DEPLOYMENT_TARGET = 6.1;
				PRODUCT_NAME = "Heard Here";
				TARGETED_DEVICE_FAMILY = 1;
				WRAPPER_EXTENSION = app;
			};
			name = Release;
		};
/* End XCBuildConfiguration section */

/* Begin XCConfigurationList section */
		6017CF771644088F00F9F4FB /* Build configuration list for PBXProject "Heard Here" */ = {
			isa = XCConfigurationList;
			buildConfigurations = (
				6017CF991644088F00F9F4FB /* Debug */,
				6017CF9A1644088F00F9F4FB /* Release */,
			);
			defaultConfigurationIsVisible = 0;
			defaultConfigurationName = Release;
		};
		6017CF9B1644088F00F9F4FB /* Build configuration list for PBXNativeTarget "Heard Here" */ = {
			isa = XCConfigurationList;
			buildConfigurations = (
				6017CF9C1644088F00F9F4FB /* Debug */,
				6017CF9D1644088F00F9F4FB /* Release */,
			);
			defaultConfigurationIsVisible = 0;
			defaultConfigurationName = Release;
		};
/* End XCConfigurationList section */

/* Begin XCVersionGroup section */
		60387814179D7E57008DCC66 /* heardhere.xcdatamodeld */ = {
			isa = XCVersionGroup;
			children = (
				60387815179D7E57008DCC66 /* heardhere.xcdatamodel */,
			);
			currentVersion = 60387815179D7E57008DCC66 /* heardhere.xcdatamodel */;
			path = heardhere.xcdatamodeld;
			sourceTree = "<group>";
			versionGroupType = wrapper.xcdatamodel;
		};
/* End XCVersionGroup section */
	};
	rootObject = 6017CF741644088F00F9F4FB /* Project object */;
}
